// !$*UTF8*$!
{
	archiveVersion = 1;
	classes = {
	};
	objectVersion = 50;
	objects = {

/* Begin PBXBuildFile section */
		07BAE690061EAC0790E88566 /* Pods_InstagramClientAppTests.framework in Frameworks */ = {isa = PBXBuildFile; fileRef = F6ECD4CBCB2C85A5DB236C52 /* Pods_InstagramClientAppTests.framework */; };
		084FF5A421EB54B7000EA933 /* LoginService.swift in Sources */ = {isa = PBXBuildFile; fileRef = 084FF5A321EB54B7000EA933 /* LoginService.swift */; };
		084FF5A621EB5856000EA933 /* LoginPresenter.swift in Sources */ = {isa = PBXBuildFile; fileRef = 084FF5A521EB5856000EA933 /* LoginPresenter.swift */; };
		084FF5AE21EB87C9000EA933 /* LoginModule.swift in Sources */ = {isa = PBXBuildFile; fileRef = 084FF5AD21EB87C9000EA933 /* LoginModule.swift */; };
		084FF5B021EB8A32000EA933 /* SplashModule.swift in Sources */ = {isa = PBXBuildFile; fileRef = 084FF5AF21EB8A32000EA933 /* SplashModule.swift */; };
		084FF5B221EB8D57000EA933 /* MainModule.swift in Sources */ = {isa = PBXBuildFile; fileRef = 084FF5B121EB8D57000EA933 /* MainModule.swift */; };
		084FF5B421EB8EB7000EA933 /* RegisterModule.swift in Sources */ = {isa = PBXBuildFile; fileRef = 084FF5B321EB8EB7000EA933 /* RegisterModule.swift */; };
		084FF5B621EB8FD0000EA933 /* UserProfileModule.swift in Sources */ = {isa = PBXBuildFile; fileRef = 084FF5B521EB8FD0000EA933 /* UserProfileModule.swift */; };
		084FF5C621EC16F0000EA933 /* SplashRouterTests.swift in Sources */ = {isa = PBXBuildFile; fileRef = 084FF5C521EC16F0000EA933 /* SplashRouterTests.swift */; };
		084FF5D421ED75E3000EA933 /* LoginRoute.swift in Sources */ = {isa = PBXBuildFile; fileRef = 084FF5D321ED75E3000EA933 /* LoginRoute.swift */; };
		084FF5D621ED75F4000EA933 /* RegisterRoute.swift in Sources */ = {isa = PBXBuildFile; fileRef = 084FF5D521ED75F4000EA933 /* RegisterRoute.swift */; };
		084FF5DE21EDAAFD000EA933 /* HomeViewController.swift in Sources */ = {isa = PBXBuildFile; fileRef = 084FF5DC21EDAAFD000EA933 /* HomeViewController.swift */; };
		084FF5DF21EDAAFD000EA933 /* HomeViewController.xib in Resources */ = {isa = PBXBuildFile; fileRef = 084FF5DD21EDAAFD000EA933 /* HomeViewController.xib */; };
		084FF5E221EDAC77000EA933 /* SearchViewController.swift in Sources */ = {isa = PBXBuildFile; fileRef = 084FF5E021EDAC77000EA933 /* SearchViewController.swift */; };
		084FF5E321EDAC77000EA933 /* SearchViewController.xib in Resources */ = {isa = PBXBuildFile; fileRef = 084FF5E121EDAC77000EA933 /* SearchViewController.xib */; };
		084FF5E521EDACF0000EA933 /* HomeModule.swift in Sources */ = {isa = PBXBuildFile; fileRef = 084FF5E421EDACF0000EA933 /* HomeModule.swift */; };
		084FF5E721EDAD26000EA933 /* SearchModule.swift in Sources */ = {isa = PBXBuildFile; fileRef = 084FF5E621EDAD26000EA933 /* SearchModule.swift */; };
		084FF5E921EDB61D000EA933 /* PhotoSelectorViewController.swift in Sources */ = {isa = PBXBuildFile; fileRef = 084FF5E821EDB61D000EA933 /* PhotoSelectorViewController.swift */; };
		084FF5EB21EDB822000EA933 /* PhotoSelectorRoute.swift in Sources */ = {isa = PBXBuildFile; fileRef = 084FF5EA21EDB822000EA933 /* PhotoSelectorRoute.swift */; };
		084FF5ED21EDB936000EA933 /* PhotoSelectorModule.swift in Sources */ = {isa = PBXBuildFile; fileRef = 084FF5EC21EDB936000EA933 /* PhotoSelectorModule.swift */; };
		084FF5F121EDCB76000EA933 /* PhotosWrapper.swift in Sources */ = {isa = PBXBuildFile; fileRef = 084FF5F021EDCB76000EA933 /* PhotosWrapper.swift */; };
		084FF5F321EDD0B7000EA933 /* PhotoService.swift in Sources */ = {isa = PBXBuildFile; fileRef = 084FF5F221EDD0B7000EA933 /* PhotoService.swift */; };
		084FF5F521EDD219000EA933 /* PhotoSelectorPresenter.swift in Sources */ = {isa = PBXBuildFile; fileRef = 084FF5F421EDD219000EA933 /* PhotoSelectorPresenter.swift */; };
		084FF5F921EDD3DF000EA933 /* ErrorPresentable.swift in Sources */ = {isa = PBXBuildFile; fileRef = 084FF5F821EDD3DF000EA933 /* ErrorPresentable.swift */; };
		084FF5FB21EDDB20000EA933 /* PhotoSelectorCell.swift in Sources */ = {isa = PBXBuildFile; fileRef = 084FF5FA21EDDB20000EA933 /* PhotoSelectorCell.swift */; };
		084FF5FD21EEC56E000EA933 /* PhotoSelectorHeader.swift in Sources */ = {isa = PBXBuildFile; fileRef = 084FF5FC21EEC56E000EA933 /* PhotoSelectorHeader.swift */; };
		084FF60921EEF472000EA933 /* SharePhotoViewController.swift in Sources */ = {isa = PBXBuildFile; fileRef = 084FF60821EEF472000EA933 /* SharePhotoViewController.swift */; };
		084FF60B21EEF582000EA933 /* UserProfileRouter.swift in Sources */ = {isa = PBXBuildFile; fileRef = 084FF60A21EEF582000EA933 /* UserProfileRouter.swift */; };
		084FF60D21EEF6B4000EA933 /* SharePhotoRoute.swift in Sources */ = {isa = PBXBuildFile; fileRef = 084FF60C21EEF6B4000EA933 /* SharePhotoRoute.swift */; };
		084FF60F21EEF6F1000EA933 /* PhotoSelectorRouter.swift in Sources */ = {isa = PBXBuildFile; fileRef = 084FF60E21EEF6F1000EA933 /* PhotoSelectorRouter.swift */; };
		084FF61621EF07D1000EA933 /* SharePhotoModule.swift in Sources */ = {isa = PBXBuildFile; fileRef = 084FF61521EF07D1000EA933 /* SharePhotoModule.swift */; };
		084FF61821EF16C8000EA933 /* LoginRouter.swift in Sources */ = {isa = PBXBuildFile; fileRef = 084FF61721EF16C8000EA933 /* LoginRouter.swift */; };
		084FF61A21EF170B000EA933 /* RegisterRouter.swift in Sources */ = {isa = PBXBuildFile; fileRef = 084FF61921EF170B000EA933 /* RegisterRouter.swift */; };
		0858764D21DA6C4D00C32422 /* GoogleService-Info.plist in Resources */ = {isa = PBXBuildFile; fileRef = 0858764C21DA6C4D00C32422 /* GoogleService-Info.plist */; };
		0858766D21DB8C7600C32422 /* RegisterUserVCTests.swift in Sources */ = {isa = PBXBuildFile; fileRef = 0858766C21DB8C7600C32422 /* RegisterUserVCTests.swift */; };
		0858767721DC5CC700C32422 /* RegisterUserViewController.swift in Sources */ = {isa = PBXBuildFile; fileRef = 0858767521DC5CC700C32422 /* RegisterUserViewController.swift */; };
		0858767821DC5CC700C32422 /* RegisterUserViewController.xib in Resources */ = {isa = PBXBuildFile; fileRef = 0858767621DC5CC700C32422 /* RegisterUserViewController.xib */; };
		085EED2321E6D4BD00A6D98E /* UserProfileVCTests.swift in Sources */ = {isa = PBXBuildFile; fileRef = 085EED2221E6D4BD00A6D98E /* UserProfileVCTests.swift */; };
		086E6C7821DC68B20094B808 /* InstagramEngine.framework in Frameworks */ = {isa = PBXBuildFile; fileRef = 086E6C7721DC68B20094B808 /* InstagramEngine.framework */; };
		086E6C7921DC68B20094B808 /* InstagramEngine.framework in Embed Frameworks */ = {isa = PBXBuildFile; fileRef = 086E6C7721DC68B20094B808 /* InstagramEngine.framework */; settings = {ATTRIBUTES = (CodeSignOnCopy, RemoveHeadersOnCopy, ); }; };
		086E6C7C21DC6AC90094B808 /* RegisterUserServiceTests.swift in Sources */ = {isa = PBXBuildFile; fileRef = 086E6C7B21DC6AC90094B808 /* RegisterUserServiceTests.swift */; };
		086E6C7E21DD27380094B808 /* FirebaseStorageWrapper.swift in Sources */ = {isa = PBXBuildFile; fileRef = 086E6C7D21DD27380094B808 /* FirebaseStorageWrapper.swift */; };
		086E6C9821DE91C70094B808 /* Transition.swift in Sources */ = {isa = PBXBuildFile; fileRef = 086E6C9721DE91C70094B808 /* Transition.swift */; };
		086E6C9A21DE91D50094B808 /* ModalTransition.swift in Sources */ = {isa = PBXBuildFile; fileRef = 086E6C9921DE91D50094B808 /* ModalTransition.swift */; };
		086E6C9C21DE91ED0094B808 /* PushTransition.swift in Sources */ = {isa = PBXBuildFile; fileRef = 086E6C9B21DE91ED0094B808 /* PushTransition.swift */; };
		086E6CA221DE92BF0094B808 /* BasicRouterTests.swift in Sources */ = {isa = PBXBuildFile; fileRef = 086E6CA121DE92BF0094B808 /* BasicRouterTests.swift */; };
		086E6CA921DF6A100094B808 /* StubTransition.swift in Sources */ = {isa = PBXBuildFile; fileRef = 086E6CA821DF6A100094B808 /* StubTransition.swift */; };
		086E6CB021DF79070094B808 /* BasicRouter.swift in Sources */ = {isa = PBXBuildFile; fileRef = 086E6CAF21DF79070094B808 /* BasicRouter.swift */; };
		0884511B21DA665A008B8121 /* AppDelegate.swift in Sources */ = {isa = PBXBuildFile; fileRef = 0884511A21DA665A008B8121 /* AppDelegate.swift */; };
		0884512221DA665C008B8121 /* Assets.xcassets in Resources */ = {isa = PBXBuildFile; fileRef = 0884512121DA665C008B8121 /* Assets.xcassets */; };
		0884512521DA665C008B8121 /* LaunchScreen.storyboard in Resources */ = {isa = PBXBuildFile; fileRef = 0884512321DA665C008B8121 /* LaunchScreen.storyboard */; };
		08BF0C5721E854EB004CE846 /* UserProfileHeaderCell.swift in Sources */ = {isa = PBXBuildFile; fileRef = 08BF0C5521E854EB004CE846 /* UserProfileHeaderCell.swift */; };
		08BF0C5821E854EB004CE846 /* UserProfileHeaderCell.xib in Resources */ = {isa = PBXBuildFile; fileRef = 08BF0C5621E854EB004CE846 /* UserProfileHeaderCell.xib */; };
		08BF0C5B21E85EDF004CE846 /* main.swift in Sources */ = {isa = PBXBuildFile; fileRef = 08F984A121E5092300DE6E78 /* main.swift */; };
		08BF0C6821E8652F004CE846 /* UserProfileViewController.swift in Sources */ = {isa = PBXBuildFile; fileRef = 08BF0C6621E8652F004CE846 /* UserProfileViewController.swift */; };
		08BF0C6B21E868E7004CE846 /* APIClient.swift in Sources */ = {isa = PBXBuildFile; fileRef = 08BF0C6A21E868E7004CE846 /* APIClient.swift */; };
		08BF0C6E21E8BB27004CE846 /* LoginViewController.swift in Sources */ = {isa = PBXBuildFile; fileRef = 08BF0C6C21E8BB27004CE846 /* LoginViewController.swift */; };
		08BF0C6F21E8BB27004CE846 /* LoginViewController.xib in Resources */ = {isa = PBXBuildFile; fileRef = 08BF0C6D21E8BB27004CE846 /* LoginViewController.xib */; };
		08F9847921E4B1E100DE6E78 /* RegisterUserService.swift in Sources */ = {isa = PBXBuildFile; fileRef = 08F9847821E4B1E100DE6E78 /* RegisterUserService.swift */; };
		08F9847D21E4B2BF00DE6E78 /* FirebaseAuthWrapper.swift in Sources */ = {isa = PBXBuildFile; fileRef = 08F9847C21E4B2BF00DE6E78 /* FirebaseAuthWrapper.swift */; };
		08F9847F21E4B2EF00DE6E78 /* FirebaseDatabaseWrapper.swift in Sources */ = {isa = PBXBuildFile; fileRef = 08F9847E21E4B2EF00DE6E78 /* FirebaseDatabaseWrapper.swift */; };
		08F9848821E4B8C900DE6E78 /* MockFirebase.swift in Sources */ = {isa = PBXBuildFile; fileRef = 08F9848721E4B8C900DE6E78 /* MockFirebase.swift */; };
		08F9848B21E4C0C000DE6E78 /* RegisterUserPresenter.swift in Sources */ = {isa = PBXBuildFile; fileRef = 08F9848A21E4C0C000DE6E78 /* RegisterUserPresenter.swift */; };
		08F9848F21E4D6EB00DE6E78 /* RegisterUserPresenterTests.swift in Sources */ = {isa = PBXBuildFile; fileRef = 08F9848E21E4D6EB00DE6E78 /* RegisterUserPresenterTests.swift */; };
		08F9849521E4EBDA00DE6E78 /* WeakRefTests.swift in Sources */ = {isa = PBXBuildFile; fileRef = 08F9849421E4EBDA00DE6E78 /* WeakRefTests.swift */; };
		08F9849721E4EBE500DE6E78 /* WeakRef.swift in Sources */ = {isa = PBXBuildFile; fileRef = 08F9849621E4EBE500DE6E78 /* WeakRef.swift */; };
		08F9849921E4EDBA00DE6E78 /* AppDelegateTests.swift in Sources */ = {isa = PBXBuildFile; fileRef = 08F9849821E4EDBA00DE6E78 /* AppDelegateTests.swift */; };
		08F984A421E5196400DE6E78 /* StubAppDelegate.swift in Sources */ = {isa = PBXBuildFile; fileRef = 08F984A321E5196400DE6E78 /* StubAppDelegate.swift */; };
		08F984A921E53CAD00DE6E78 /* MainTabBarViewController.swift in Sources */ = {isa = PBXBuildFile; fileRef = 08F984A821E53CAD00DE6E78 /* MainTabBarViewController.swift */; };
		08F984AB21E53D2E00DE6E78 /* MainRoute.swift in Sources */ = {isa = PBXBuildFile; fileRef = 08F984AA21E53D2E00DE6E78 /* MainRoute.swift */; };
		08F984AD21E5420A00DE6E78 /* MainTabBarVCTests.swift in Sources */ = {isa = PBXBuildFile; fileRef = 08F984AC21E5420A00DE6E78 /* MainTabBarVCTests.swift */; };
		08F984B421E54A4700DE6E78 /* UserProfilePresenter.swift in Sources */ = {isa = PBXBuildFile; fileRef = 08F984B321E54A4700DE6E78 /* UserProfilePresenter.swift */; };
		08F984B621E54B3300DE6E78 /* UserProfilePresenterTests.swift in Sources */ = {isa = PBXBuildFile; fileRef = 08F984B521E54B3300DE6E78 /* UserProfilePresenterTests.swift */; };
		08F984B821E54B6C00DE6E78 /* UserProfileService.swift in Sources */ = {isa = PBXBuildFile; fileRef = 08F984B721E54B6C00DE6E78 /* UserProfileService.swift */; };
		08F984BA21E54C4D00DE6E78 /* UserProfileServiceTests.swift in Sources */ = {isa = PBXBuildFile; fileRef = 08F984B921E54C4D00DE6E78 /* UserProfileServiceTests.swift */; };
		08F984C221E5E5F000DE6E78 /* MainRouter.swift in Sources */ = {isa = PBXBuildFile; fileRef = 08F984C121E5E5F000DE6E78 /* MainRouter.swift */; };
		08F984CA21E6878E00DE6E78 /* AuthService.swift in Sources */ = {isa = PBXBuildFile; fileRef = 08F984C921E6878E00DE6E78 /* AuthService.swift */; };
		08F984CC21E687DB00DE6E78 /* AuthClientServiceTests.swift in Sources */ = {isa = PBXBuildFile; fileRef = 08F984CB21E687DB00DE6E78 /* AuthClientServiceTests.swift */; };
		08F984D021E691B100DE6E78 /* SplashPresenter.swift in Sources */ = {isa = PBXBuildFile; fileRef = 08F984CF21E691B100DE6E78 /* SplashPresenter.swift */; };
		08F984D221E6922F00DE6E78 /* SplashPresenterTests.swift in Sources */ = {isa = PBXBuildFile; fileRef = 08F984D121E6922F00DE6E78 /* SplashPresenterTests.swift */; };
		08F984D621E6964600DE6E78 /* SplashViewController.swift in Sources */ = {isa = PBXBuildFile; fileRef = 08F984D521E6964600DE6E78 /* SplashViewController.swift */; };
		08F984D821E696A300DE6E78 /* SplashVCTests.swift in Sources */ = {isa = PBXBuildFile; fileRef = 08F984D721E696A300DE6E78 /* SplashVCTests.swift */; };
		08F984DC21E69A8F00DE6E78 /* SplashRouter.swift in Sources */ = {isa = PBXBuildFile; fileRef = 08F984DB21E69A8F00DE6E78 /* SplashRouter.swift */; };
		6EC36F26F45DA30F8999551A /* Pods_InstagramClientApp.framework in Frameworks */ = {isa = PBXBuildFile; fileRef = AC38B69BF39580BCEE5A8073 /* Pods_InstagramClientApp.framework */; };
/* End PBXBuildFile section */

/* Begin PBXContainerItemProxy section */
		0884512C21DA665C008B8121 /* PBXContainerItemProxy */ = {
			isa = PBXContainerItemProxy;
			containerPortal = 0884510F21DA665A008B8121 /* Project object */;
			proxyType = 1;
			remoteGlobalIDString = 0884511621DA665A008B8121;
			remoteInfo = InstagramClientApp;
		};
/* End PBXContainerItemProxy section */

/* Begin PBXCopyFilesBuildPhase section */
		086E6C7A21DC68B30094B808 /* Embed Frameworks */ = {
			isa = PBXCopyFilesBuildPhase;
			buildActionMask = 2147483647;
			dstPath = "";
			dstSubfolderSpec = 10;
			files = (
				086E6C7921DC68B20094B808 /* InstagramEngine.framework in Embed Frameworks */,
			);
			name = "Embed Frameworks";
			runOnlyForDeploymentPostprocessing = 0;
		};
/* End PBXCopyFilesBuildPhase section */

/* Begin PBXFileReference section */
		084FF5A321EB54B7000EA933 /* LoginService.swift */ = {isa = PBXFileReference; lastKnownFileType = sourcecode.swift; path = LoginService.swift; sourceTree = "<group>"; };
		084FF5A521EB5856000EA933 /* LoginPresenter.swift */ = {isa = PBXFileReference; lastKnownFileType = sourcecode.swift; path = LoginPresenter.swift; sourceTree = "<group>"; };
		084FF5AD21EB87C9000EA933 /* LoginModule.swift */ = {isa = PBXFileReference; lastKnownFileType = sourcecode.swift; path = LoginModule.swift; sourceTree = "<group>"; };
		084FF5AF21EB8A32000EA933 /* SplashModule.swift */ = {isa = PBXFileReference; lastKnownFileType = sourcecode.swift; path = SplashModule.swift; sourceTree = "<group>"; };
		084FF5B121EB8D57000EA933 /* MainModule.swift */ = {isa = PBXFileReference; lastKnownFileType = sourcecode.swift; path = MainModule.swift; sourceTree = "<group>"; };
		084FF5B321EB8EB7000EA933 /* RegisterModule.swift */ = {isa = PBXFileReference; lastKnownFileType = sourcecode.swift; path = RegisterModule.swift; sourceTree = "<group>"; };
		084FF5B521EB8FD0000EA933 /* UserProfileModule.swift */ = {isa = PBXFileReference; lastKnownFileType = sourcecode.swift; path = UserProfileModule.swift; sourceTree = "<group>"; };
		084FF5C521EC16F0000EA933 /* SplashRouterTests.swift */ = {isa = PBXFileReference; lastKnownFileType = sourcecode.swift; path = SplashRouterTests.swift; sourceTree = "<group>"; };
		084FF5D321ED75E3000EA933 /* LoginRoute.swift */ = {isa = PBXFileReference; lastKnownFileType = sourcecode.swift; path = LoginRoute.swift; sourceTree = "<group>"; };
		084FF5D521ED75F4000EA933 /* RegisterRoute.swift */ = {isa = PBXFileReference; lastKnownFileType = sourcecode.swift; path = RegisterRoute.swift; sourceTree = "<group>"; };
		084FF5DC21EDAAFD000EA933 /* HomeViewController.swift */ = {isa = PBXFileReference; lastKnownFileType = sourcecode.swift; path = HomeViewController.swift; sourceTree = "<group>"; };
		084FF5DD21EDAAFD000EA933 /* HomeViewController.xib */ = {isa = PBXFileReference; lastKnownFileType = file.xib; path = HomeViewController.xib; sourceTree = "<group>"; };
		084FF5E021EDAC77000EA933 /* SearchViewController.swift */ = {isa = PBXFileReference; lastKnownFileType = sourcecode.swift; path = SearchViewController.swift; sourceTree = "<group>"; };
		084FF5E121EDAC77000EA933 /* SearchViewController.xib */ = {isa = PBXFileReference; lastKnownFileType = file.xib; path = SearchViewController.xib; sourceTree = "<group>"; };
		084FF5E421EDACF0000EA933 /* HomeModule.swift */ = {isa = PBXFileReference; lastKnownFileType = sourcecode.swift; path = HomeModule.swift; sourceTree = "<group>"; };
		084FF5E621EDAD26000EA933 /* SearchModule.swift */ = {isa = PBXFileReference; lastKnownFileType = sourcecode.swift; path = SearchModule.swift; sourceTree = "<group>"; };
		084FF5E821EDB61D000EA933 /* PhotoSelectorViewController.swift */ = {isa = PBXFileReference; lastKnownFileType = sourcecode.swift; path = PhotoSelectorViewController.swift; sourceTree = "<group>"; };
		084FF5EA21EDB822000EA933 /* PhotoSelectorRoute.swift */ = {isa = PBXFileReference; lastKnownFileType = sourcecode.swift; path = PhotoSelectorRoute.swift; sourceTree = "<group>"; };
		084FF5EC21EDB936000EA933 /* PhotoSelectorModule.swift */ = {isa = PBXFileReference; lastKnownFileType = sourcecode.swift; path = PhotoSelectorModule.swift; sourceTree = "<group>"; };
		084FF5F021EDCB76000EA933 /* PhotosWrapper.swift */ = {isa = PBXFileReference; lastKnownFileType = sourcecode.swift; path = PhotosWrapper.swift; sourceTree = "<group>"; };
		084FF5F221EDD0B7000EA933 /* PhotoService.swift */ = {isa = PBXFileReference; lastKnownFileType = sourcecode.swift; path = PhotoService.swift; sourceTree = "<group>"; };
		084FF5F421EDD219000EA933 /* PhotoSelectorPresenter.swift */ = {isa = PBXFileReference; lastKnownFileType = sourcecode.swift; path = PhotoSelectorPresenter.swift; sourceTree = "<group>"; };
		084FF5F821EDD3DF000EA933 /* ErrorPresentable.swift */ = {isa = PBXFileReference; lastKnownFileType = sourcecode.swift; path = ErrorPresentable.swift; sourceTree = "<group>"; };
		084FF5FA21EDDB20000EA933 /* PhotoSelectorCell.swift */ = {isa = PBXFileReference; lastKnownFileType = sourcecode.swift; path = PhotoSelectorCell.swift; sourceTree = "<group>"; };
		084FF5FC21EEC56E000EA933 /* PhotoSelectorHeader.swift */ = {isa = PBXFileReference; lastKnownFileType = sourcecode.swift; path = PhotoSelectorHeader.swift; sourceTree = "<group>"; };
		084FF60821EEF472000EA933 /* SharePhotoViewController.swift */ = {isa = PBXFileReference; lastKnownFileType = sourcecode.swift; path = SharePhotoViewController.swift; sourceTree = "<group>"; };
		084FF60A21EEF582000EA933 /* UserProfileRouter.swift */ = {isa = PBXFileReference; lastKnownFileType = sourcecode.swift; path = UserProfileRouter.swift; sourceTree = "<group>"; };
		084FF60C21EEF6B4000EA933 /* SharePhotoRoute.swift */ = {isa = PBXFileReference; lastKnownFileType = sourcecode.swift; path = SharePhotoRoute.swift; sourceTree = "<group>"; };
		084FF60E21EEF6F1000EA933 /* PhotoSelectorRouter.swift */ = {isa = PBXFileReference; lastKnownFileType = sourcecode.swift; path = PhotoSelectorRouter.swift; sourceTree = "<group>"; };
		084FF61521EF07D1000EA933 /* SharePhotoModule.swift */ = {isa = PBXFileReference; lastKnownFileType = sourcecode.swift; path = SharePhotoModule.swift; sourceTree = "<group>"; };
		084FF61721EF16C8000EA933 /* LoginRouter.swift */ = {isa = PBXFileReference; lastKnownFileType = sourcecode.swift; path = LoginRouter.swift; sourceTree = "<group>"; };
		084FF61921EF170B000EA933 /* RegisterRouter.swift */ = {isa = PBXFileReference; lastKnownFileType = sourcecode.swift; path = RegisterRouter.swift; sourceTree = "<group>"; };
		0858764C21DA6C4D00C32422 /* GoogleService-Info.plist */ = {isa = PBXFileReference; fileEncoding = 4; lastKnownFileType = text.plist.xml; path = "GoogleService-Info.plist"; sourceTree = "<group>"; };
		0858766C21DB8C7600C32422 /* RegisterUserVCTests.swift */ = {isa = PBXFileReference; lastKnownFileType = sourcecode.swift; path = RegisterUserVCTests.swift; sourceTree = "<group>"; };
		0858767521DC5CC700C32422 /* RegisterUserViewController.swift */ = {isa = PBXFileReference; lastKnownFileType = sourcecode.swift; path = RegisterUserViewController.swift; sourceTree = "<group>"; };
		0858767621DC5CC700C32422 /* RegisterUserViewController.xib */ = {isa = PBXFileReference; lastKnownFileType = file.xib; path = RegisterUserViewController.xib; sourceTree = "<group>"; };
		085EED2221E6D4BD00A6D98E /* UserProfileVCTests.swift */ = {isa = PBXFileReference; lastKnownFileType = sourcecode.swift; path = UserProfileVCTests.swift; sourceTree = "<group>"; };
		086E6C7721DC68B20094B808 /* InstagramEngine.framework */ = {isa = PBXFileReference; explicitFileType = wrapper.framework; path = InstagramEngine.framework; sourceTree = BUILT_PRODUCTS_DIR; };
		086E6C7B21DC6AC90094B808 /* RegisterUserServiceTests.swift */ = {isa = PBXFileReference; lastKnownFileType = sourcecode.swift; path = RegisterUserServiceTests.swift; sourceTree = "<group>"; };
		086E6C7D21DD27380094B808 /* FirebaseStorageWrapper.swift */ = {isa = PBXFileReference; lastKnownFileType = sourcecode.swift; path = FirebaseStorageWrapper.swift; sourceTree = "<group>"; };
		086E6C9721DE91C70094B808 /* Transition.swift */ = {isa = PBXFileReference; lastKnownFileType = sourcecode.swift; path = Transition.swift; sourceTree = "<group>"; };
		086E6C9921DE91D50094B808 /* ModalTransition.swift */ = {isa = PBXFileReference; lastKnownFileType = sourcecode.swift; path = ModalTransition.swift; sourceTree = "<group>"; };
		086E6C9B21DE91ED0094B808 /* PushTransition.swift */ = {isa = PBXFileReference; lastKnownFileType = sourcecode.swift; path = PushTransition.swift; sourceTree = "<group>"; };
		086E6CA121DE92BF0094B808 /* BasicRouterTests.swift */ = {isa = PBXFileReference; lastKnownFileType = sourcecode.swift; path = BasicRouterTests.swift; sourceTree = "<group>"; };
		086E6CA821DF6A100094B808 /* StubTransition.swift */ = {isa = PBXFileReference; lastKnownFileType = sourcecode.swift; path = StubTransition.swift; sourceTree = "<group>"; };
		086E6CAF21DF79070094B808 /* BasicRouter.swift */ = {isa = PBXFileReference; lastKnownFileType = sourcecode.swift; path = BasicRouter.swift; sourceTree = "<group>"; };
		0884511721DA665A008B8121 /* InstagramClientApp.app */ = {isa = PBXFileReference; explicitFileType = wrapper.application; includeInIndex = 0; path = InstagramClientApp.app; sourceTree = BUILT_PRODUCTS_DIR; };
		0884511A21DA665A008B8121 /* AppDelegate.swift */ = {isa = PBXFileReference; lastKnownFileType = sourcecode.swift; path = AppDelegate.swift; sourceTree = "<group>"; };
		0884512121DA665C008B8121 /* Assets.xcassets */ = {isa = PBXFileReference; lastKnownFileType = folder.assetcatalog; path = Assets.xcassets; sourceTree = "<group>"; };
		0884512421DA665C008B8121 /* Base */ = {isa = PBXFileReference; lastKnownFileType = file.storyboard; name = Base; path = Base.lproj/LaunchScreen.storyboard; sourceTree = "<group>"; };
		0884512621DA665C008B8121 /* Info.plist */ = {isa = PBXFileReference; lastKnownFileType = text.plist.xml; path = Info.plist; sourceTree = "<group>"; };
		0884512B21DA665C008B8121 /* InstagramClientAppTests.xctest */ = {isa = PBXFileReference; explicitFileType = wrapper.cfbundle; includeInIndex = 0; path = InstagramClientAppTests.xctest; sourceTree = BUILT_PRODUCTS_DIR; };
		0884513121DA665C008B8121 /* Info.plist */ = {isa = PBXFileReference; lastKnownFileType = text.plist.xml; path = Info.plist; sourceTree = "<group>"; };
		08BF0C5521E854EB004CE846 /* UserProfileHeaderCell.swift */ = {isa = PBXFileReference; lastKnownFileType = sourcecode.swift; path = UserProfileHeaderCell.swift; sourceTree = "<group>"; };
		08BF0C5621E854EB004CE846 /* UserProfileHeaderCell.xib */ = {isa = PBXFileReference; lastKnownFileType = file.xib; path = UserProfileHeaderCell.xib; sourceTree = "<group>"; };
		08BF0C6621E8652F004CE846 /* UserProfileViewController.swift */ = {isa = PBXFileReference; lastKnownFileType = sourcecode.swift; path = UserProfileViewController.swift; sourceTree = "<group>"; };
		08BF0C6A21E868E7004CE846 /* APIClient.swift */ = {isa = PBXFileReference; lastKnownFileType = sourcecode.swift; path = APIClient.swift; sourceTree = "<group>"; };
		08BF0C6C21E8BB27004CE846 /* LoginViewController.swift */ = {isa = PBXFileReference; lastKnownFileType = sourcecode.swift; path = LoginViewController.swift; sourceTree = "<group>"; };
		08BF0C6D21E8BB27004CE846 /* LoginViewController.xib */ = {isa = PBXFileReference; lastKnownFileType = file.xib; path = LoginViewController.xib; sourceTree = "<group>"; };
		08F9847821E4B1E100DE6E78 /* RegisterUserService.swift */ = {isa = PBXFileReference; lastKnownFileType = sourcecode.swift; path = RegisterUserService.swift; sourceTree = "<group>"; };
		08F9847C21E4B2BF00DE6E78 /* FirebaseAuthWrapper.swift */ = {isa = PBXFileReference; lastKnownFileType = sourcecode.swift; path = FirebaseAuthWrapper.swift; sourceTree = "<group>"; };
		08F9847E21E4B2EF00DE6E78 /* FirebaseDatabaseWrapper.swift */ = {isa = PBXFileReference; lastKnownFileType = sourcecode.swift; path = FirebaseDatabaseWrapper.swift; sourceTree = "<group>"; };
		08F9848721E4B8C900DE6E78 /* MockFirebase.swift */ = {isa = PBXFileReference; lastKnownFileType = sourcecode.swift; path = MockFirebase.swift; sourceTree = "<group>"; };
		08F9848A21E4C0C000DE6E78 /* RegisterUserPresenter.swift */ = {isa = PBXFileReference; lastKnownFileType = sourcecode.swift; path = RegisterUserPresenter.swift; sourceTree = "<group>"; };
		08F9848E21E4D6EB00DE6E78 /* RegisterUserPresenterTests.swift */ = {isa = PBXFileReference; lastKnownFileType = sourcecode.swift; path = RegisterUserPresenterTests.swift; sourceTree = "<group>"; };
		08F9849421E4EBDA00DE6E78 /* WeakRefTests.swift */ = {isa = PBXFileReference; lastKnownFileType = sourcecode.swift; path = WeakRefTests.swift; sourceTree = "<group>"; };
		08F9849621E4EBE500DE6E78 /* WeakRef.swift */ = {isa = PBXFileReference; lastKnownFileType = sourcecode.swift; path = WeakRef.swift; sourceTree = "<group>"; };
		08F9849821E4EDBA00DE6E78 /* AppDelegateTests.swift */ = {isa = PBXFileReference; lastKnownFileType = sourcecode.swift; path = AppDelegateTests.swift; sourceTree = "<group>"; };
		08F984A121E5092300DE6E78 /* main.swift */ = {isa = PBXFileReference; lastKnownFileType = sourcecode.swift; path = main.swift; sourceTree = "<group>"; };
		08F984A321E5196400DE6E78 /* StubAppDelegate.swift */ = {isa = PBXFileReference; lastKnownFileType = sourcecode.swift; path = StubAppDelegate.swift; sourceTree = "<group>"; };
		08F984A821E53CAD00DE6E78 /* MainTabBarViewController.swift */ = {isa = PBXFileReference; lastKnownFileType = sourcecode.swift; path = MainTabBarViewController.swift; sourceTree = "<group>"; };
		08F984AA21E53D2E00DE6E78 /* MainRoute.swift */ = {isa = PBXFileReference; lastKnownFileType = sourcecode.swift; path = MainRoute.swift; sourceTree = "<group>"; };
		08F984AC21E5420A00DE6E78 /* MainTabBarVCTests.swift */ = {isa = PBXFileReference; lastKnownFileType = sourcecode.swift; path = MainTabBarVCTests.swift; sourceTree = "<group>"; };
		08F984B321E54A4700DE6E78 /* UserProfilePresenter.swift */ = {isa = PBXFileReference; lastKnownFileType = sourcecode.swift; path = UserProfilePresenter.swift; sourceTree = "<group>"; };
		08F984B521E54B3300DE6E78 /* UserProfilePresenterTests.swift */ = {isa = PBXFileReference; lastKnownFileType = sourcecode.swift; path = UserProfilePresenterTests.swift; sourceTree = "<group>"; };
		08F984B721E54B6C00DE6E78 /* UserProfileService.swift */ = {isa = PBXFileReference; lastKnownFileType = sourcecode.swift; path = UserProfileService.swift; sourceTree = "<group>"; };
		08F984B921E54C4D00DE6E78 /* UserProfileServiceTests.swift */ = {isa = PBXFileReference; lastKnownFileType = sourcecode.swift; path = UserProfileServiceTests.swift; sourceTree = "<group>"; };
		08F984C121E5E5F000DE6E78 /* MainRouter.swift */ = {isa = PBXFileReference; lastKnownFileType = sourcecode.swift; path = MainRouter.swift; sourceTree = "<group>"; };
		08F984C921E6878E00DE6E78 /* AuthService.swift */ = {isa = PBXFileReference; lastKnownFileType = sourcecode.swift; path = AuthService.swift; sourceTree = "<group>"; };
		08F984CB21E687DB00DE6E78 /* AuthClientServiceTests.swift */ = {isa = PBXFileReference; lastKnownFileType = sourcecode.swift; path = AuthClientServiceTests.swift; sourceTree = "<group>"; };
		08F984CF21E691B100DE6E78 /* SplashPresenter.swift */ = {isa = PBXFileReference; lastKnownFileType = sourcecode.swift; path = SplashPresenter.swift; sourceTree = "<group>"; };
		08F984D121E6922F00DE6E78 /* SplashPresenterTests.swift */ = {isa = PBXFileReference; lastKnownFileType = sourcecode.swift; path = SplashPresenterTests.swift; sourceTree = "<group>"; };
		08F984D521E6964600DE6E78 /* SplashViewController.swift */ = {isa = PBXFileReference; lastKnownFileType = sourcecode.swift; path = SplashViewController.swift; sourceTree = "<group>"; };
		08F984D721E696A300DE6E78 /* SplashVCTests.swift */ = {isa = PBXFileReference; lastKnownFileType = sourcecode.swift; path = SplashVCTests.swift; sourceTree = "<group>"; };
		08F984DB21E69A8F00DE6E78 /* SplashRouter.swift */ = {isa = PBXFileReference; lastKnownFileType = sourcecode.swift; path = SplashRouter.swift; sourceTree = "<group>"; };
		20519A3EAF3AB2EFD22FA90B /* Pods-InstagramClientApp.release.xcconfig */ = {isa = PBXFileReference; includeInIndex = 1; lastKnownFileType = text.xcconfig; name = "Pods-InstagramClientApp.release.xcconfig"; path = "Target Support Files/Pods-InstagramClientApp/Pods-InstagramClientApp.release.xcconfig"; sourceTree = "<group>"; };
		68B1D645F06D4FB4E193462D /* Pods-InstagramClientApp.debug.xcconfig */ = {isa = PBXFileReference; includeInIndex = 1; lastKnownFileType = text.xcconfig; name = "Pods-InstagramClientApp.debug.xcconfig"; path = "Target Support Files/Pods-InstagramClientApp/Pods-InstagramClientApp.debug.xcconfig"; sourceTree = "<group>"; };
		AC38B69BF39580BCEE5A8073 /* Pods_InstagramClientApp.framework */ = {isa = PBXFileReference; explicitFileType = wrapper.framework; includeInIndex = 0; path = Pods_InstagramClientApp.framework; sourceTree = BUILT_PRODUCTS_DIR; };
		BC759B87BD7FBBEC588CA88E /* Pods-InstagramClientAppTests.debug.xcconfig */ = {isa = PBXFileReference; includeInIndex = 1; lastKnownFileType = text.xcconfig; name = "Pods-InstagramClientAppTests.debug.xcconfig"; path = "Target Support Files/Pods-InstagramClientAppTests/Pods-InstagramClientAppTests.debug.xcconfig"; sourceTree = "<group>"; };
		BF1A87696F6744EE31B0BCF0 /* Pods-InstagramClientAppTests.release.xcconfig */ = {isa = PBXFileReference; includeInIndex = 1; lastKnownFileType = text.xcconfig; name = "Pods-InstagramClientAppTests.release.xcconfig"; path = "Target Support Files/Pods-InstagramClientAppTests/Pods-InstagramClientAppTests.release.xcconfig"; sourceTree = "<group>"; };
		F6ECD4CBCB2C85A5DB236C52 /* Pods_InstagramClientAppTests.framework */ = {isa = PBXFileReference; explicitFileType = wrapper.framework; includeInIndex = 0; path = Pods_InstagramClientAppTests.framework; sourceTree = BUILT_PRODUCTS_DIR; };
/* End PBXFileReference section */

/* Begin PBXFrameworksBuildPhase section */
		0884511421DA665A008B8121 /* Frameworks */ = {
			isa = PBXFrameworksBuildPhase;
			buildActionMask = 2147483647;
			files = (
				6EC36F26F45DA30F8999551A /* Pods_InstagramClientApp.framework in Frameworks */,
				086E6C7821DC68B20094B808 /* InstagramEngine.framework in Frameworks */,
			);
			runOnlyForDeploymentPostprocessing = 0;
		};
		0884512821DA665C008B8121 /* Frameworks */ = {
			isa = PBXFrameworksBuildPhase;
			buildActionMask = 2147483647;
			files = (
				07BAE690061EAC0790E88566 /* Pods_InstagramClientAppTests.framework in Frameworks */,
			);
			runOnlyForDeploymentPostprocessing = 0;
		};
/* End PBXFrameworksBuildPhase section */

/* Begin PBXGroup section */
		084FF5FE21EEEEEA000EA933 /* Splash Scene */ = {
			isa = PBXGroup;
			children = (
				08F984D521E6964600DE6E78 /* SplashViewController.swift */,
				08F984CF21E691B100DE6E78 /* SplashPresenter.swift */,
				08F984DB21E69A8F00DE6E78 /* SplashRouter.swift */,
				084FF5AF21EB8A32000EA933 /* SplashModule.swift */,
			);
			path = "Splash Scene";
			sourceTree = "<group>";
		};
		084FF5FF21EEEF17000EA933 /* Main Scene */ = {
			isa = PBXGroup;
			children = (
				08F984A821E53CAD00DE6E78 /* MainTabBarViewController.swift */,
				08F984C121E5E5F000DE6E78 /* MainRouter.swift */,
				084FF5B121EB8D57000EA933 /* MainModule.swift */,
			);
			name = "Main Scene";
			path = "New Group";
			sourceTree = "<group>";
		};
		084FF60121EEEFC0000EA933 /* Login Scene */ = {
			isa = PBXGroup;
			children = (
				084FF61221EEF812000EA933 /* xib */,
				08BF0C6C21E8BB27004CE846 /* LoginViewController.swift */,
				084FF5A521EB5856000EA933 /* LoginPresenter.swift */,
				084FF61721EF16C8000EA933 /* LoginRouter.swift */,
				084FF5AD21EB87C9000EA933 /* LoginModule.swift */,
			);
			path = "Login Scene";
			sourceTree = "<group>";
		};
		084FF60221EEEFCF000EA933 /* Register Scene */ = {
			isa = PBXGroup;
			children = (
				084FF61321EEF819000EA933 /* xib */,
				0858767521DC5CC700C32422 /* RegisterUserViewController.swift */,
				08F9848A21E4C0C000DE6E78 /* RegisterUserPresenter.swift */,
				084FF61921EF170B000EA933 /* RegisterRouter.swift */,
				084FF5B321EB8EB7000EA933 /* RegisterModule.swift */,
			);
			path = "Register Scene";
			sourceTree = "<group>";
		};
		084FF60321EEF03B000EA933 /* User Profile Scene */ = {
			isa = PBXGroup;
			children = (
				084FF61121EEF804000EA933 /* xib */,
				08BF0C5521E854EB004CE846 /* UserProfileHeaderCell.swift */,
				08BF0C6621E8652F004CE846 /* UserProfileViewController.swift */,
				08F984B321E54A4700DE6E78 /* UserProfilePresenter.swift */,
				084FF60A21EEF582000EA933 /* UserProfileRouter.swift */,
				084FF5B521EB8FD0000EA933 /* UserProfileModule.swift */,
			);
			path = "User Profile Scene";
			sourceTree = "<group>";
		};
		084FF60421EEF05E000EA933 /* Home Scene */ = {
			isa = PBXGroup;
			children = (
				084FF5DC21EDAAFD000EA933 /* HomeViewController.swift */,
				084FF5DD21EDAAFD000EA933 /* HomeViewController.xib */,
				084FF5E421EDACF0000EA933 /* HomeModule.swift */,
			);
			path = "Home Scene";
			sourceTree = "<group>";
		};
		084FF60521EEF073000EA933 /* Search Scene */ = {
			isa = PBXGroup;
			children = (
				084FF5E021EDAC77000EA933 /* SearchViewController.swift */,
				084FF5E121EDAC77000EA933 /* SearchViewController.xib */,
				084FF5E621EDAD26000EA933 /* SearchModule.swift */,
			);
			path = "Search Scene";
			sourceTree = "<group>";
		};
		084FF60621EEF096000EA933 /* Photo Selector Scene */ = {
			isa = PBXGroup;
			children = (
				084FF5FA21EDDB20000EA933 /* PhotoSelectorCell.swift */,
				084FF5FC21EEC56E000EA933 /* PhotoSelectorHeader.swift */,
				084FF5E821EDB61D000EA933 /* PhotoSelectorViewController.swift */,
				084FF5F421EDD219000EA933 /* PhotoSelectorPresenter.swift */,
				084FF60E21EEF6F1000EA933 /* PhotoSelectorRouter.swift */,
				084FF5EC21EDB936000EA933 /* PhotoSelectorModule.swift */,
			);
			path = "Photo Selector Scene";
			sourceTree = "<group>";
		};
		084FF60721EEF0C9000EA933 /* Scenes */ = {
			isa = PBXGroup;
			children = (
				084FF60521EEF073000EA933 /* Search Scene */,
				084FF60421EEF05E000EA933 /* Home Scene */,
				084FF61421EF07BB000EA933 /* Share Photo Scene */,
				084FF60621EEF096000EA933 /* Photo Selector Scene */,
				084FF60321EEF03B000EA933 /* User Profile Scene */,
				084FF60221EEEFCF000EA933 /* Register Scene */,
				084FF60121EEEFC0000EA933 /* Login Scene */,
				084FF5FF21EEEF17000EA933 /* Main Scene */,
				084FF5FE21EEEEEA000EA933 /* Splash Scene */,
			);
			path = Scenes;
			sourceTree = "<group>";
		};
		084FF61121EEF804000EA933 /* xib */ = {
			isa = PBXGroup;
			children = (
				08BF0C5621E854EB004CE846 /* UserProfileHeaderCell.xib */,
			);
			path = xib;
			sourceTree = "<group>";
		};
		084FF61221EEF812000EA933 /* xib */ = {
			isa = PBXGroup;
			children = (
				08BF0C6D21E8BB27004CE846 /* LoginViewController.xib */,
			);
			path = xib;
			sourceTree = "<group>";
		};
		084FF61321EEF819000EA933 /* xib */ = {
			isa = PBXGroup;
			children = (
				0858767621DC5CC700C32422 /* RegisterUserViewController.xib */,
			);
			path = xib;
			sourceTree = "<group>";
		};
		084FF61421EF07BB000EA933 /* Share Photo Scene */ = {
			isa = PBXGroup;
			children = (
				084FF60821EEF472000EA933 /* SharePhotoViewController.swift */,
				084FF61521EF07D1000EA933 /* SharePhotoModule.swift */,
			);
			path = "Share Photo Scene";
			sourceTree = "<group>";
		};
		085EED1F21E6B82800A6D98E /* Main */ = {
			isa = PBXGroup;
			children = (
				08F9849821E4EDBA00DE6E78 /* AppDelegateTests.swift */,
				08F9849421E4EBDA00DE6E78 /* WeakRefTests.swift */,
			);
			path = Main;
			sourceTree = "<group>";
		};
		086E6C7F21DD27840094B808 /* Services */ = {
			isa = PBXGroup;
			children = (
				08F984C921E6878E00DE6E78 /* AuthService.swift */,
				08F9847821E4B1E100DE6E78 /* RegisterUserService.swift */,
				084FF5A321EB54B7000EA933 /* LoginService.swift */,
				08F984B721E54B6C00DE6E78 /* UserProfileService.swift */,
				084FF5F221EDD0B7000EA933 /* PhotoService.swift */,
			);
			path = Services;
			sourceTree = "<group>";
		};
		086E6C8221DD27A90094B808 /* UI */ = {
			isa = PBXGroup;
			children = (
				08F984D721E696A300DE6E78 /* SplashVCTests.swift */,
				08F984AC21E5420A00DE6E78 /* MainTabBarVCTests.swift */,
				0858766C21DB8C7600C32422 /* RegisterUserVCTests.swift */,
				085EED2221E6D4BD00A6D98E /* UserProfileVCTests.swift */,
			);
			path = UI;
			sourceTree = "<group>";
		};
		086E6C8321DD27B00094B808 /* Service */ = {
			isa = PBXGroup;
			children = (
				08F984CB21E687DB00DE6E78 /* AuthClientServiceTests.swift */,
				086E6C7B21DC6AC90094B808 /* RegisterUserServiceTests.swift */,
				08F984B921E54C4D00DE6E78 /* UserProfileServiceTests.swift */,
			);
			path = Service;
			sourceTree = "<group>";
		};
		086E6C9121DE869D0094B808 /* Routing */ = {
			isa = PBXGroup;
			children = (
				086E6CAF21DF79070094B808 /* BasicRouter.swift */,
				086E6CB621DF794A0094B808 /* Routes */,
				086E6C9D21DE92400094B808 /* Transition */,
			);
			path = Routing;
			sourceTree = "<group>";
		};
		086E6C9D21DE92400094B808 /* Transition */ = {
			isa = PBXGroup;
			children = (
				086E6C9721DE91C70094B808 /* Transition.swift */,
				086E6C9921DE91D50094B808 /* ModalTransition.swift */,
				086E6C9B21DE91ED0094B808 /* PushTransition.swift */,
			);
			path = Transition;
			sourceTree = "<group>";
		};
		086E6CA021DE92820094B808 /* Supporting Files */ = {
			isa = PBXGroup;
			children = (
				08F984A121E5092300DE6E78 /* main.swift */,
				0884511A21DA665A008B8121 /* AppDelegate.swift */,
				0884512121DA665C008B8121 /* Assets.xcassets */,
				0884512321DA665C008B8121 /* LaunchScreen.storyboard */,
			);
			path = "Supporting Files";
			sourceTree = "<group>";
		};
		086E6CA321DEBB1F0094B808 /* Routing */ = {
			isa = PBXGroup;
			children = (
				086E6CA121DE92BF0094B808 /* BasicRouterTests.swift */,
				084FF5C521EC16F0000EA933 /* SplashRouterTests.swift */,
			);
			path = Routing;
			sourceTree = "<group>";
		};
		086E6CB621DF794A0094B808 /* Routes */ = {
			isa = PBXGroup;
			children = (
				08F984AA21E53D2E00DE6E78 /* MainRoute.swift */,
				084FF5D321ED75E3000EA933 /* LoginRoute.swift */,
				084FF5D521ED75F4000EA933 /* RegisterRoute.swift */,
				084FF5EA21EDB822000EA933 /* PhotoSelectorRoute.swift */,
				084FF60C21EEF6B4000EA933 /* SharePhotoRoute.swift */,
			);
			path = Routes;
			sourceTree = "<group>";
		};
		0884510E21DA665A008B8121 = {
			isa = PBXGroup;
			children = (
				086E6C7721DC68B20094B808 /* InstagramEngine.framework */,
				0884511921DA665A008B8121 /* InstagramClientApp */,
				0884512E21DA665C008B8121 /* InstagramClientAppTests */,
				0884511821DA665A008B8121 /* Products */,
				7A96DE06F0B142ADEAB6EA53 /* Pods */,
				0F6E0E952D28CD93E8714FA9 /* Frameworks */,
			);
			sourceTree = "<group>";
		};
		0884511821DA665A008B8121 /* Products */ = {
			isa = PBXGroup;
			children = (
				0884511721DA665A008B8121 /* InstagramClientApp.app */,
				0884512B21DA665C008B8121 /* InstagramClientAppTests.xctest */,
			);
			name = Products;
			sourceTree = "<group>";
		};
		0884511921DA665A008B8121 /* InstagramClientApp */ = {
			isa = PBXGroup;
			children = (
				0858764C21DA6C4D00C32422 /* GoogleService-Info.plist */,
				0884512621DA665C008B8121 /* Info.plist */,
				086E6CA021DE92820094B808 /* Supporting Files */,
				086E6C9121DE869D0094B808 /* Routing */,
				08F9848021E4B37B00DE6E78 /* Frameworks */,
				086E6C7F21DD27840094B808 /* Services */,
				084FF60721EEF0C9000EA933 /* Scenes */,
				08F9849121E4D71400DE6E78 /* Utils */,
			);
			path = InstagramClientApp;
			sourceTree = "<group>";
		};
		0884512E21DA665C008B8121 /* InstagramClientAppTests */ = {
			isa = PBXGroup;
			children = (
				0884513121DA665C008B8121 /* Info.plist */,
				085EED1F21E6B82800A6D98E /* Main */,
				086E6CA321DEBB1F0094B808 /* Routing */,
				086E6C8321DD27B00094B808 /* Service */,
				08F9849021E4D6EE00DE6E78 /* Presenter */,
				086E6C8221DD27A90094B808 /* UI */,
				08F9848921E4B8CE00DE6E78 /* Helper */,
			);
			path = InstagramClientAppTests;
			sourceTree = "<group>";
		};
		08F9848021E4B37B00DE6E78 /* Frameworks */ = {
			isa = PBXGroup;
			children = (
				08F9847C21E4B2BF00DE6E78 /* FirebaseAuthWrapper.swift */,
				086E6C7D21DD27380094B808 /* FirebaseStorageWrapper.swift */,
				08F9847E21E4B2EF00DE6E78 /* FirebaseDatabaseWrapper.swift */,
				08BF0C6A21E868E7004CE846 /* APIClient.swift */,
				084FF5F021EDCB76000EA933 /* PhotosWrapper.swift */,
			);
			path = Frameworks;
			sourceTree = "<group>";
		};
		08F9848921E4B8CE00DE6E78 /* Helper */ = {
			isa = PBXGroup;
			children = (
				08F984A321E5196400DE6E78 /* StubAppDelegate.swift */,
				086E6CA821DF6A100094B808 /* StubTransition.swift */,
				08F9848721E4B8C900DE6E78 /* MockFirebase.swift */,
			);
			path = Helper;
			sourceTree = "<group>";
		};
		08F9849021E4D6EE00DE6E78 /* Presenter */ = {
			isa = PBXGroup;
			children = (
				08F984D121E6922F00DE6E78 /* SplashPresenterTests.swift */,
				08F9848E21E4D6EB00DE6E78 /* RegisterUserPresenterTests.swift */,
				08F984B521E54B3300DE6E78 /* UserProfilePresenterTests.swift */,
			);
			path = Presenter;
			sourceTree = "<group>";
		};
		08F9849121E4D71400DE6E78 /* Utils */ = {
			isa = PBXGroup;
			children = (
				08F9849621E4EBE500DE6E78 /* WeakRef.swift */,
				084FF5F821EDD3DF000EA933 /* ErrorPresentable.swift */,
			);
			path = Utils;
			sourceTree = "<group>";
		};
		0F6E0E952D28CD93E8714FA9 /* Frameworks */ = {
			isa = PBXGroup;
			children = (
				AC38B69BF39580BCEE5A8073 /* Pods_InstagramClientApp.framework */,
				F6ECD4CBCB2C85A5DB236C52 /* Pods_InstagramClientAppTests.framework */,
			);
			name = Frameworks;
			sourceTree = "<group>";
		};
		7A96DE06F0B142ADEAB6EA53 /* Pods */ = {
			isa = PBXGroup;
			children = (
				68B1D645F06D4FB4E193462D /* Pods-InstagramClientApp.debug.xcconfig */,
				20519A3EAF3AB2EFD22FA90B /* Pods-InstagramClientApp.release.xcconfig */,
				BC759B87BD7FBBEC588CA88E /* Pods-InstagramClientAppTests.debug.xcconfig */,
				BF1A87696F6744EE31B0BCF0 /* Pods-InstagramClientAppTests.release.xcconfig */,
			);
			path = Pods;
			sourceTree = "<group>";
		};
/* End PBXGroup section */

/* Begin PBXNativeTarget section */
		0884511621DA665A008B8121 /* InstagramClientApp */ = {
			isa = PBXNativeTarget;
			buildConfigurationList = 0884513421DA665C008B8121 /* Build configuration list for PBXNativeTarget "InstagramClientApp" */;
			buildPhases = (
				17860E575B2FB25C2AFD5164 /* [CP] Check Pods Manifest.lock */,
				0884511321DA665A008B8121 /* Sources */,
				0884511421DA665A008B8121 /* Frameworks */,
				0884511521DA665A008B8121 /* Resources */,
				2C17F79DD246FDF6DF1467C3 /* [CP] Embed Pods Frameworks */,
				086E6C7A21DC68B30094B808 /* Embed Frameworks */,
			);
			buildRules = (
			);
			dependencies = (
			);
			name = InstagramClientApp;
			productName = InstagramClientApp;
			productReference = 0884511721DA665A008B8121 /* InstagramClientApp.app */;
			productType = "com.apple.product-type.application";
		};
		0884512A21DA665C008B8121 /* InstagramClientAppTests */ = {
			isa = PBXNativeTarget;
			buildConfigurationList = 0884513721DA665C008B8121 /* Build configuration list for PBXNativeTarget "InstagramClientAppTests" */;
			buildPhases = (
				529AC981167ADA4E4072C4A7 /* [CP] Check Pods Manifest.lock */,
				0884512721DA665C008B8121 /* Sources */,
				0884512821DA665C008B8121 /* Frameworks */,
				0884512921DA665C008B8121 /* Resources */,
				47B45EE2EED058C1F940CF96 /* [CP] Embed Pods Frameworks */,
			);
			buildRules = (
			);
			dependencies = (
				0884512D21DA665C008B8121 /* PBXTargetDependency */,
			);
			name = InstagramClientAppTests;
			productName = InstagramClientAppTests;
			productReference = 0884512B21DA665C008B8121 /* InstagramClientAppTests.xctest */;
			productType = "com.apple.product-type.bundle.unit-test";
		};
/* End PBXNativeTarget section */

/* Begin PBXProject section */
		0884510F21DA665A008B8121 /* Project object */ = {
			isa = PBXProject;
			attributes = {
				LastSwiftUpdateCheck = 1010;
				LastUpgradeCheck = 1010;
				ORGANIZATIONNAME = "심승민";
				TargetAttributes = {
					0884511621DA665A008B8121 = {
						CreatedOnToolsVersion = 10.1;
					};
					0884512A21DA665C008B8121 = {
						CreatedOnToolsVersion = 10.1;
						LastSwiftMigration = 1010;
						TestTargetID = 0884511621DA665A008B8121;
					};
				};
			};
			buildConfigurationList = 0884511221DA665A008B8121 /* Build configuration list for PBXProject "InstagramClientApp" */;
			compatibilityVersion = "Xcode 9.3";
			developmentRegion = en;
			hasScannedForEncodings = 0;
			knownRegions = (
				en,
				Base,
			);
			mainGroup = 0884510E21DA665A008B8121;
			productRefGroup = 0884511821DA665A008B8121 /* Products */;
			projectDirPath = "";
			projectRoot = "";
			targets = (
				0884511621DA665A008B8121 /* InstagramClientApp */,
				0884512A21DA665C008B8121 /* InstagramClientAppTests */,
			);
		};
/* End PBXProject section */

/* Begin PBXResourcesBuildPhase section */
		0884511521DA665A008B8121 /* Resources */ = {
			isa = PBXResourcesBuildPhase;
			buildActionMask = 2147483647;
			files = (
				0884512521DA665C008B8121 /* LaunchScreen.storyboard in Resources */,
				0858764D21DA6C4D00C32422 /* GoogleService-Info.plist in Resources */,
				08BF0C6F21E8BB27004CE846 /* LoginViewController.xib in Resources */,
				08BF0C5821E854EB004CE846 /* UserProfileHeaderCell.xib in Resources */,
				0858767821DC5CC700C32422 /* RegisterUserViewController.xib in Resources */,
				084FF5DF21EDAAFD000EA933 /* HomeViewController.xib in Resources */,
				084FF5E321EDAC77000EA933 /* SearchViewController.xib in Resources */,
				0884512221DA665C008B8121 /* Assets.xcassets in Resources */,
			);
			runOnlyForDeploymentPostprocessing = 0;
		};
		0884512921DA665C008B8121 /* Resources */ = {
			isa = PBXResourcesBuildPhase;
			buildActionMask = 2147483647;
			files = (
			);
			runOnlyForDeploymentPostprocessing = 0;
		};
/* End PBXResourcesBuildPhase section */

/* Begin PBXShellScriptBuildPhase section */
		17860E575B2FB25C2AFD5164 /* [CP] Check Pods Manifest.lock */ = {
			isa = PBXShellScriptBuildPhase;
			buildActionMask = 2147483647;
			files = (
			);
			inputFileListPaths = (
			);
			inputPaths = (
				"${PODS_PODFILE_DIR_PATH}/Podfile.lock",
				"${PODS_ROOT}/Manifest.lock",
			);
			name = "[CP] Check Pods Manifest.lock";
			outputFileListPaths = (
			);
			outputPaths = (
				"$(DERIVED_FILE_DIR)/Pods-InstagramClientApp-checkManifestLockResult.txt",
			);
			runOnlyForDeploymentPostprocessing = 0;
			shellPath = /bin/sh;
			shellScript = "diff \"${PODS_PODFILE_DIR_PATH}/Podfile.lock\" \"${PODS_ROOT}/Manifest.lock\" > /dev/null\nif [ $? != 0 ] ; then\n    # print error to STDERR\n    echo \"error: The sandbox is not in sync with the Podfile.lock. Run 'pod install' or update your CocoaPods installation.\" >&2\n    exit 1\nfi\n# This output is used by Xcode 'outputs' to avoid re-running this script phase.\necho \"SUCCESS\" > \"${SCRIPT_OUTPUT_FILE_0}\"\n";
			showEnvVarsInLog = 0;
		};
		2C17F79DD246FDF6DF1467C3 /* [CP] Embed Pods Frameworks */ = {
			isa = PBXShellScriptBuildPhase;
			buildActionMask = 2147483647;
			files = (
			);
			inputFileListPaths = (
			);
			inputPaths = (
				"${PODS_ROOT}/Target Support Files/Pods-InstagramClientApp/Pods-InstagramClientApp-frameworks.sh",
				"${BUILT_PRODUCTS_DIR}/GTMSessionFetcher/GTMSessionFetcher.framework",
				"${BUILT_PRODUCTS_DIR}/GoogleUtilities/GoogleUtilities.framework",
				"${BUILT_PRODUCTS_DIR}/leveldb-library/leveldb.framework",
				"${BUILT_PRODUCTS_DIR}/nanopb/nanopb.framework",
			);
			name = "[CP] Embed Pods Frameworks";
			outputFileListPaths = (
			);
			outputPaths = (
				"${TARGET_BUILD_DIR}/${FRAMEWORKS_FOLDER_PATH}/GTMSessionFetcher.framework",
				"${TARGET_BUILD_DIR}/${FRAMEWORKS_FOLDER_PATH}/GoogleUtilities.framework",
				"${TARGET_BUILD_DIR}/${FRAMEWORKS_FOLDER_PATH}/leveldb.framework",
				"${TARGET_BUILD_DIR}/${FRAMEWORKS_FOLDER_PATH}/nanopb.framework",
			);
			runOnlyForDeploymentPostprocessing = 0;
			shellPath = /bin/sh;
			shellScript = "\"${PODS_ROOT}/Target Support Files/Pods-InstagramClientApp/Pods-InstagramClientApp-frameworks.sh\"\n";
			showEnvVarsInLog = 0;
		};
		47B45EE2EED058C1F940CF96 /* [CP] Embed Pods Frameworks */ = {
			isa = PBXShellScriptBuildPhase;
			buildActionMask = 2147483647;
			files = (
			);
			inputFileListPaths = (
			);
			inputPaths = (
				"${PODS_ROOT}/Target Support Files/Pods-InstagramClientAppTests/Pods-InstagramClientAppTests-frameworks.sh",
				"${BUILT_PRODUCTS_DIR}/GTMSessionFetcher/GTMSessionFetcher.framework",
				"${BUILT_PRODUCTS_DIR}/GoogleUtilities/GoogleUtilities.framework",
				"${BUILT_PRODUCTS_DIR}/leveldb-library/leveldb.framework",
				"${BUILT_PRODUCTS_DIR}/nanopb/nanopb.framework",
			);
			name = "[CP] Embed Pods Frameworks";
			outputFileListPaths = (
			);
			outputPaths = (
				"${TARGET_BUILD_DIR}/${FRAMEWORKS_FOLDER_PATH}/GTMSessionFetcher.framework",
				"${TARGET_BUILD_DIR}/${FRAMEWORKS_FOLDER_PATH}/GoogleUtilities.framework",
				"${TARGET_BUILD_DIR}/${FRAMEWORKS_FOLDER_PATH}/leveldb.framework",
				"${TARGET_BUILD_DIR}/${FRAMEWORKS_FOLDER_PATH}/nanopb.framework",
			);
			runOnlyForDeploymentPostprocessing = 0;
			shellPath = /bin/sh;
			shellScript = "\"${PODS_ROOT}/Target Support Files/Pods-InstagramClientAppTests/Pods-InstagramClientAppTests-frameworks.sh\"\n";
			showEnvVarsInLog = 0;
		};
		529AC981167ADA4E4072C4A7 /* [CP] Check Pods Manifest.lock */ = {
			isa = PBXShellScriptBuildPhase;
			buildActionMask = 2147483647;
			files = (
			);
			inputFileListPaths = (
			);
			inputPaths = (
				"${PODS_PODFILE_DIR_PATH}/Podfile.lock",
				"${PODS_ROOT}/Manifest.lock",
			);
			name = "[CP] Check Pods Manifest.lock";
			outputFileListPaths = (
			);
			outputPaths = (
				"$(DERIVED_FILE_DIR)/Pods-InstagramClientAppTests-checkManifestLockResult.txt",
			);
			runOnlyForDeploymentPostprocessing = 0;
			shellPath = /bin/sh;
			shellScript = "diff \"${PODS_PODFILE_DIR_PATH}/Podfile.lock\" \"${PODS_ROOT}/Manifest.lock\" > /dev/null\nif [ $? != 0 ] ; then\n    # print error to STDERR\n    echo \"error: The sandbox is not in sync with the Podfile.lock. Run 'pod install' or update your CocoaPods installation.\" >&2\n    exit 1\nfi\n# This output is used by Xcode 'outputs' to avoid re-running this script phase.\necho \"SUCCESS\" > \"${SCRIPT_OUTPUT_FILE_0}\"\n";
			showEnvVarsInLog = 0;
		};
/* End PBXShellScriptBuildPhase section */

/* Begin PBXSourcesBuildPhase section */
		0884511321DA665A008B8121 /* Sources */ = {
			isa = PBXSourcesBuildPhase;
			buildActionMask = 2147483647;
			files = (
				086E6C9A21DE91D50094B808 /* ModalTransition.swift in Sources */,
				08BF0C6821E8652F004CE846 /* UserProfileViewController.swift in Sources */,
				084FF5AE21EB87C9000EA933 /* LoginModule.swift in Sources */,
				084FF61A21EF170B000EA933 /* RegisterRouter.swift in Sources */,
				084FF5E721EDAD26000EA933 /* SearchModule.swift in Sources */,
				08F984C221E5E5F000DE6E78 /* MainRouter.swift in Sources */,
				084FF60921EEF472000EA933 /* SharePhotoViewController.swift in Sources */,
				08F984CA21E6878E00DE6E78 /* AuthService.swift in Sources */,
				084FF5ED21EDB936000EA933 /* PhotoSelectorModule.swift in Sources */,
				086E6C9821DE91C70094B808 /* Transition.swift in Sources */,
				084FF5FD21EEC56E000EA933 /* PhotoSelectorHeader.swift in Sources */,
				08F984A921E53CAD00DE6E78 /* MainTabBarViewController.swift in Sources */,
				08BF0C5B21E85EDF004CE846 /* main.swift in Sources */,
				0858767721DC5CC700C32422 /* RegisterUserViewController.swift in Sources */,
				084FF61821EF16C8000EA933 /* LoginRouter.swift in Sources */,
				084FF5E221EDAC77000EA933 /* SearchViewController.swift in Sources */,
				08F9847D21E4B2BF00DE6E78 /* FirebaseAuthWrapper.swift in Sources */,
				084FF5F121EDCB76000EA933 /* PhotosWrapper.swift in Sources */,
				084FF5DE21EDAAFD000EA933 /* HomeViewController.swift in Sources */,
				08BF0C6E21E8BB27004CE846 /* LoginViewController.swift in Sources */,
				08F984AB21E53D2E00DE6E78 /* MainRoute.swift in Sources */,
				084FF5A621EB5856000EA933 /* LoginPresenter.swift in Sources */,
				084FF5FB21EDDB20000EA933 /* PhotoSelectorCell.swift in Sources */,
				084FF5B021EB8A32000EA933 /* SplashModule.swift in Sources */,
				08F984B421E54A4700DE6E78 /* UserProfilePresenter.swift in Sources */,
				08F984D021E691B100DE6E78 /* SplashPresenter.swift in Sources */,
				084FF5B621EB8FD0000EA933 /* UserProfileModule.swift in Sources */,
				084FF5B421EB8EB7000EA933 /* RegisterModule.swift in Sources */,
				08F984D621E6964600DE6E78 /* SplashViewController.swift in Sources */,
				084FF5B221EB8D57000EA933 /* MainModule.swift in Sources */,
				086E6CB021DF79070094B808 /* BasicRouter.swift in Sources */,
				084FF5D621ED75F4000EA933 /* RegisterRoute.swift in Sources */,
				084FF60B21EEF582000EA933 /* UserProfileRouter.swift in Sources */,
				08BF0C5721E854EB004CE846 /* UserProfileHeaderCell.swift in Sources */,
				084FF5F321EDD0B7000EA933 /* PhotoService.swift in Sources */,
				086E6C7E21DD27380094B808 /* FirebaseStorageWrapper.swift in Sources */,
				086E6C9C21DE91ED0094B808 /* PushTransition.swift in Sources */,
				084FF61621EF07D1000EA933 /* SharePhotoModule.swift in Sources */,
				084FF5A421EB54B7000EA933 /* LoginService.swift in Sources */,
				084FF60F21EEF6F1000EA933 /* PhotoSelectorRouter.swift in Sources */,
				08F9847F21E4B2EF00DE6E78 /* FirebaseDatabaseWrapper.swift in Sources */,
				084FF5F921EDD3DF000EA933 /* ErrorPresentable.swift in Sources */,
				084FF5E921EDB61D000EA933 /* PhotoSelectorViewController.swift in Sources */,
				08F9848B21E4C0C000DE6E78 /* RegisterUserPresenter.swift in Sources */,
				084FF60D21EEF6B4000EA933 /* SharePhotoRoute.swift in Sources */,
				084FF5D421ED75E3000EA933 /* LoginRoute.swift in Sources */,
				08F9849721E4EBE500DE6E78 /* WeakRef.swift in Sources */,
				084FF5EB21EDB822000EA933 /* PhotoSelectorRoute.swift in Sources */,
				08F984DC21E69A8F00DE6E78 /* SplashRouter.swift in Sources */,
				084FF5F521EDD219000EA933 /* PhotoSelectorPresenter.swift in Sources */,
				084FF5E521EDACF0000EA933 /* HomeModule.swift in Sources */,
				08BF0C6B21E868E7004CE846 /* APIClient.swift in Sources */,
				08F9847921E4B1E100DE6E78 /* RegisterUserService.swift in Sources */,
				08F984B821E54B6C00DE6E78 /* UserProfileService.swift in Sources */,
				0884511B21DA665A008B8121 /* AppDelegate.swift in Sources */,
			);
			runOnlyForDeploymentPostprocessing = 0;
		};
		0884512721DA665C008B8121 /* Sources */ = {
			isa = PBXSourcesBuildPhase;
			buildActionMask = 2147483647;
			files = (
				08F9848F21E4D6EB00DE6E78 /* RegisterUserPresenterTests.swift in Sources */,
				08F9848821E4B8C900DE6E78 /* MockFirebase.swift in Sources */,
				08F984A421E5196400DE6E78 /* StubAppDelegate.swift in Sources */,
				08F984BA21E54C4D00DE6E78 /* UserProfileServiceTests.swift in Sources */,
				08F984B621E54B3300DE6E78 /* UserProfilePresenterTests.swift in Sources */,
				08F9849521E4EBDA00DE6E78 /* WeakRefTests.swift in Sources */,
				085EED2321E6D4BD00A6D98E /* UserProfileVCTests.swift in Sources */,
				08F984CC21E687DB00DE6E78 /* AuthClientServiceTests.swift in Sources */,
				084FF5C621EC16F0000EA933 /* SplashRouterTests.swift in Sources */,
				086E6CA221DE92BF0094B808 /* BasicRouterTests.swift in Sources */,
				0858766D21DB8C7600C32422 /* RegisterUserVCTests.swift in Sources */,
				08F984D221E6922F00DE6E78 /* SplashPresenterTests.swift in Sources */,
				086E6CA921DF6A100094B808 /* StubTransition.swift in Sources */,
				08F984AD21E5420A00DE6E78 /* MainTabBarVCTests.swift in Sources */,
				08F984D821E696A300DE6E78 /* SplashVCTests.swift in Sources */,
				086E6C7C21DC6AC90094B808 /* RegisterUserServiceTests.swift in Sources */,
				08F9849921E4EDBA00DE6E78 /* AppDelegateTests.swift in Sources */,
			);
			runOnlyForDeploymentPostprocessing = 0;
		};
/* End PBXSourcesBuildPhase section */

/* Begin PBXTargetDependency section */
		0884512D21DA665C008B8121 /* PBXTargetDependency */ = {
			isa = PBXTargetDependency;
			target = 0884511621DA665A008B8121 /* InstagramClientApp */;
			targetProxy = 0884512C21DA665C008B8121 /* PBXContainerItemProxy */;
		};
/* End PBXTargetDependency section */

/* Begin PBXVariantGroup section */
		0884512321DA665C008B8121 /* LaunchScreen.storyboard */ = {
			isa = PBXVariantGroup;
			children = (
				0884512421DA665C008B8121 /* Base */,
			);
			name = LaunchScreen.storyboard;
			sourceTree = "<group>";
		};
/* End PBXVariantGroup section */

/* Begin XCBuildConfiguration section */
		0884513221DA665C008B8121 /* Debug */ = {
			isa = XCBuildConfiguration;
			buildSettings = {
				ALWAYS_SEARCH_USER_PATHS = NO;
				CLANG_ANALYZER_NONNULL = YES;
				CLANG_ANALYZER_NUMBER_OBJECT_CONVERSION = YES_AGGRESSIVE;
				CLANG_CXX_LANGUAGE_STANDARD = "gnu++14";
				CLANG_CXX_LIBRARY = "libc++";
				CLANG_ENABLE_MODULES = YES;
				CLANG_ENABLE_OBJC_ARC = YES;
				CLANG_ENABLE_OBJC_WEAK = YES;
				CLANG_WARN_BLOCK_CAPTURE_AUTORELEASING = YES;
				CLANG_WARN_BOOL_CONVERSION = YES;
				CLANG_WARN_COMMA = YES;
				CLANG_WARN_CONSTANT_CONVERSION = YES;
				CLANG_WARN_DEPRECATED_OBJC_IMPLEMENTATIONS = YES;
				CLANG_WARN_DIRECT_OBJC_ISA_USAGE = YES_ERROR;
				CLANG_WARN_DOCUMENTATION_COMMENTS = YES;
				CLANG_WARN_EMPTY_BODY = YES;
				CLANG_WARN_ENUM_CONVERSION = YES;
				CLANG_WARN_INFINITE_RECURSION = YES;
				CLANG_WARN_INT_CONVERSION = YES;
				CLANG_WARN_NON_LITERAL_NULL_CONVERSION = YES;
				CLANG_WARN_OBJC_IMPLICIT_RETAIN_SELF = YES;
				CLANG_WARN_OBJC_LITERAL_CONVERSION = YES;
				CLANG_WARN_OBJC_ROOT_CLASS = YES_ERROR;
				CLANG_WARN_RANGE_LOOP_ANALYSIS = YES;
				CLANG_WARN_STRICT_PROTOTYPES = YES;
				CLANG_WARN_SUSPICIOUS_MOVE = YES;
				CLANG_WARN_UNGUARDED_AVAILABILITY = YES_AGGRESSIVE;
				CLANG_WARN_UNREACHABLE_CODE = YES;
				CLANG_WARN__DUPLICATE_METHOD_MATCH = YES;
				CODE_SIGN_IDENTITY = "iPhone Developer";
				COPY_PHASE_STRIP = NO;
				DEBUG_INFORMATION_FORMAT = dwarf;
				ENABLE_STRICT_OBJC_MSGSEND = YES;
				ENABLE_TESTABILITY = YES;
				GCC_C_LANGUAGE_STANDARD = gnu11;
				GCC_DYNAMIC_NO_PIC = NO;
				GCC_NO_COMMON_BLOCKS = YES;
				GCC_OPTIMIZATION_LEVEL = 0;
				GCC_PREPROCESSOR_DEFINITIONS = (
					"DEBUG=1",
					"$(inherited)",
				);
				GCC_WARN_64_TO_32_BIT_CONVERSION = YES;
				GCC_WARN_ABOUT_RETURN_TYPE = YES_ERROR;
				GCC_WARN_UNDECLARED_SELECTOR = YES;
				GCC_WARN_UNINITIALIZED_AUTOS = YES_AGGRESSIVE;
				GCC_WARN_UNUSED_FUNCTION = YES;
				GCC_WARN_UNUSED_VARIABLE = YES;
				IPHONEOS_DEPLOYMENT_TARGET = 12.1;
				MTL_ENABLE_DEBUG_INFO = INCLUDE_SOURCE;
				MTL_FAST_MATH = YES;
				ONLY_ACTIVE_ARCH = YES;
				SDKROOT = iphoneos;
				SWIFT_ACTIVE_COMPILATION_CONDITIONS = DEBUG;
				SWIFT_OPTIMIZATION_LEVEL = "-Onone";
			};
			name = Debug;
		};
		0884513321DA665C008B8121 /* Release */ = {
			isa = XCBuildConfiguration;
			buildSettings = {
				ALWAYS_SEARCH_USER_PATHS = NO;
				CLANG_ANALYZER_NONNULL = YES;
				CLANG_ANALYZER_NUMBER_OBJECT_CONVERSION = YES_AGGRESSIVE;
				CLANG_CXX_LANGUAGE_STANDARD = "gnu++14";
				CLANG_CXX_LIBRARY = "libc++";
				CLANG_ENABLE_MODULES = YES;
				CLANG_ENABLE_OBJC_ARC = YES;
				CLANG_ENABLE_OBJC_WEAK = YES;
				CLANG_WARN_BLOCK_CAPTURE_AUTORELEASING = YES;
				CLANG_WARN_BOOL_CONVERSION = YES;
				CLANG_WARN_COMMA = YES;
				CLANG_WARN_CONSTANT_CONVERSION = YES;
				CLANG_WARN_DEPRECATED_OBJC_IMPLEMENTATIONS = YES;
				CLANG_WARN_DIRECT_OBJC_ISA_USAGE = YES_ERROR;
				CLANG_WARN_DOCUMENTATION_COMMENTS = YES;
				CLANG_WARN_EMPTY_BODY = YES;
				CLANG_WARN_ENUM_CONVERSION = YES;
				CLANG_WARN_INFINITE_RECURSION = YES;
				CLANG_WARN_INT_CONVERSION = YES;
				CLANG_WARN_NON_LITERAL_NULL_CONVERSION = YES;
				CLANG_WARN_OBJC_IMPLICIT_RETAIN_SELF = YES;
				CLANG_WARN_OBJC_LITERAL_CONVERSION = YES;
				CLANG_WARN_OBJC_ROOT_CLASS = YES_ERROR;
				CLANG_WARN_RANGE_LOOP_ANALYSIS = YES;
				CLANG_WARN_STRICT_PROTOTYPES = YES;
				CLANG_WARN_SUSPICIOUS_MOVE = YES;
				CLANG_WARN_UNGUARDED_AVAILABILITY = YES_AGGRESSIVE;
				CLANG_WARN_UNREACHABLE_CODE = YES;
				CLANG_WARN__DUPLICATE_METHOD_MATCH = YES;
				CODE_SIGN_IDENTITY = "iPhone Developer";
				COPY_PHASE_STRIP = NO;
				DEBUG_INFORMATION_FORMAT = "dwarf-with-dsym";
				ENABLE_NS_ASSERTIONS = NO;
				ENABLE_STRICT_OBJC_MSGSEND = YES;
				GCC_C_LANGUAGE_STANDARD = gnu11;
				GCC_NO_COMMON_BLOCKS = YES;
				GCC_WARN_64_TO_32_BIT_CONVERSION = YES;
				GCC_WARN_ABOUT_RETURN_TYPE = YES_ERROR;
				GCC_WARN_UNDECLARED_SELECTOR = YES;
				GCC_WARN_UNINITIALIZED_AUTOS = YES_AGGRESSIVE;
				GCC_WARN_UNUSED_FUNCTION = YES;
				GCC_WARN_UNUSED_VARIABLE = YES;
				IPHONEOS_DEPLOYMENT_TARGET = 12.1;
				MTL_ENABLE_DEBUG_INFO = NO;
				MTL_FAST_MATH = YES;
				SDKROOT = iphoneos;
				SWIFT_COMPILATION_MODE = wholemodule;
				SWIFT_OPTIMIZATION_LEVEL = "-O";
				VALIDATE_PRODUCT = YES;
			};
			name = Release;
		};
		0884513521DA665C008B8121 /* Debug */ = {
			isa = XCBuildConfiguration;
			baseConfigurationReference = 68B1D645F06D4FB4E193462D /* Pods-InstagramClientApp.debug.xcconfig */;
			buildSettings = {
				ASSETCATALOG_COMPILER_APPICON_NAME = AppIcon;
				CODE_SIGN_STYLE = Automatic;
				DEVELOPMENT_TEAM = VY6BWEP79H;
				INFOPLIST_FILE = InstagramClientApp/Info.plist;
				LD_RUNPATH_SEARCH_PATHS = (
					"$(inherited)",
					"@executable_path/Frameworks",
				);
				PRODUCT_BUNDLE_IDENTIFIER = com.undervine.InstagramClientApp;
				PRODUCT_NAME = "$(TARGET_NAME)";
				SWIFT_VERSION = 4.2;
				TARGETED_DEVICE_FAMILY = "1,2";
			};
			name = Debug;
		};
		0884513621DA665C008B8121 /* Release */ = {
			isa = XCBuildConfiguration;
			baseConfigurationReference = 20519A3EAF3AB2EFD22FA90B /* Pods-InstagramClientApp.release.xcconfig */;
			buildSettings = {
				ASSETCATALOG_COMPILER_APPICON_NAME = AppIcon;
				CODE_SIGN_STYLE = Automatic;
				DEVELOPMENT_TEAM = VY6BWEP79H;
				INFOPLIST_FILE = InstagramClientApp/Info.plist;
				LD_RUNPATH_SEARCH_PATHS = (
					"$(inherited)",
					"@executable_path/Frameworks",
				);
				PRODUCT_BUNDLE_IDENTIFIER = com.undervine.InstagramClientApp;
				PRODUCT_NAME = "$(TARGET_NAME)";
				SWIFT_VERSION = 4.2;
				TARGETED_DEVICE_FAMILY = "1,2";
			};
			name = Release;
		};
		0884513821DA665C008B8121 /* Debug */ = {
			isa = XCBuildConfiguration;
			baseConfigurationReference = BC759B87BD7FBBEC588CA88E /* Pods-InstagramClientAppTests.debug.xcconfig */;
			buildSettings = {
				ALWAYS_EMBED_SWIFT_STANDARD_LIBRARIES = YES;
				BUNDLE_LOADER = "$(TEST_HOST)";
				CLANG_ENABLE_MODULES = YES;
				CODE_SIGN_STYLE = Automatic;
				DEVELOPMENT_TEAM = VY6BWEP79H;
				INFOPLIST_FILE = InstagramClientAppTests/Info.plist;
				LD_RUNPATH_SEARCH_PATHS = (
					"$(inherited)",
					"@executable_path/Frameworks",
					"@loader_path/Frameworks",
				);
				PRODUCT_BUNDLE_IDENTIFIER = com.undervine.InstagramClientAppTests;
				PRODUCT_NAME = "$(TARGET_NAME)";
				SWIFT_OPTIMIZATION_LEVEL = "-Onone";
				SWIFT_VERSION = 4.2;
				TARGETED_DEVICE_FAMILY = "1,2";
				TEST_HOST = "$(BUILT_PRODUCTS_DIR)/InstagramClientApp.app/InstagramClientApp";
			};
			name = Debug;
		};
		0884513921DA665C008B8121 /* Release */ = {
			isa = XCBuildConfiguration;
			baseConfigurationReference = BF1A87696F6744EE31B0BCF0 /* Pods-InstagramClientAppTests.release.xcconfig */;
			buildSettings = {
				ALWAYS_EMBED_SWIFT_STANDARD_LIBRARIES = YES;
				BUNDLE_LOADER = "$(TEST_HOST)";
				CLANG_ENABLE_MODULES = YES;
				CODE_SIGN_STYLE = Automatic;
				DEVELOPMENT_TEAM = VY6BWEP79H;
				INFOPLIST_FILE = InstagramClientAppTests/Info.plist;
				LD_RUNPATH_SEARCH_PATHS = (
					"$(inherited)",
					"@executable_path/Frameworks",
					"@loader_path/Frameworks",
				);
				PRODUCT_BUNDLE_IDENTIFIER = com.undervine.InstagramClientAppTests;
				PRODUCT_NAME = "$(TARGET_NAME)";
				SWIFT_VERSION = 4.2;
				TARGETED_DEVICE_FAMILY = "1,2";
				TEST_HOST = "$(BUILT_PRODUCTS_DIR)/InstagramClientApp.app/InstagramClientApp";
			};
			name = Release;
		};
/* End XCBuildConfiguration section */

/* Begin XCConfigurationList section */
		0884511221DA665A008B8121 /* Build configuration list for PBXProject "InstagramClientApp" */ = {
			isa = XCConfigurationList;
			buildConfigurations = (
				0884513221DA665C008B8121 /* Debug */,
				0884513321DA665C008B8121 /* Release */,
			);
			defaultConfigurationIsVisible = 0;
			defaultConfigurationName = Release;
		};
		0884513421DA665C008B8121 /* Build configuration list for PBXNativeTarget "InstagramClientApp" */ = {
			isa = XCConfigurationList;
			buildConfigurations = (
				0884513521DA665C008B8121 /* Debug */,
				0884513621DA665C008B8121 /* Release */,
			);
			defaultConfigurationIsVisible = 0;
			defaultConfigurationName = Release;
		};
		0884513721DA665C008B8121 /* Build configuration list for PBXNativeTarget "InstagramClientAppTests" */ = {
			isa = XCConfigurationList;
			buildConfigurations = (
				0884513821DA665C008B8121 /* Debug */,
				0884513921DA665C008B8121 /* Release */,
			);
			defaultConfigurationIsVisible = 0;
			defaultConfigurationName = Release;
		};
/* End XCConfigurationList section */
	};
	rootObject = 0884510F21DA665A008B8121 /* Project object */;
}
